
Microsoft Visual Studio Solution File, Format Version 12.00
# Visual Studio Version 17
VisualStudioVersion = 17.0.31620.193
MinimumVisualStudioVersion = 10.0.40219.1
Project("{9A19103F-16F7-4668-BE54-9A1E7A4F7556}") = "Mono.ApiTools.MSBuildTasks", "Mono.ApiTools.MSBuildTasks\Mono.ApiTools.MSBuildTasks.csproj", "{9FA8425A-46B6-4BF6-9B24-7528DECCE534}"
EndProject
Project("{2150E333-8FDC-42A3-9474-1A3956D46DE8}") = "Solution Items", "Solution Items", "{B6DD1BF2-8E68-451B-AC43-5F9402C4E3A0}"
	ProjectSection(SolutionItems) = preProject
		.editorconfig = .editorconfig
	EndProjectSection
EndProject
Project("{9A19103F-16F7-4668-BE54-9A1E7A4F7556}") = "Mono.ApiTools.MSBuildTasks.Tests", "Mono.ApiTools.MSBuildTasks.Tests\Mono.ApiTools.MSBuildTasks.Tests.csproj", "{33873971-C6A3-46A9-94C1-C58C20C5921C}"
EndProject
Project("{FAE04EC0-301F-11D3-BF4B-00C04F79EFBC}") = "Mono.ApiTools.MSBuildTasks.Tests.TestAssembly", "Mono.ApiTools.MSBuildTasks.Tests.TestAssembly\Mono.ApiTools.MSBuildTasks.Tests.TestAssembly.csproj", "{D307228C-3EE8-43F2-9300-8314AFE94832}"
EndProject
Project("{FAE04EC0-301F-11D3-BF4B-00C04F79EFBC}") = "Mono.ApiTools.MSBuildTasks.Tests.TestAssembly.Bad", "Mono.ApiTools.MSBuildTasks.Tests.TestAssembly.Bad\Mono.ApiTools.MSBuildTasks.Tests.TestAssembly.Bad.csproj", "{D7BBFD3F-61F4-49E5-A8E2-BA9E2579D349}"
EndProject
Project("{FAE04EC0-301F-11D3-BF4B-00C04F79EFBC}") = "Mono.ApiTools.MSBuildTasks.Tests.TestAssembly.Good", "Mono.ApiTools.MSBuildTasks.Tests.TestAssembly.Good\Mono.ApiTools.MSBuildTasks.Tests.TestAssembly.Good.csproj", "{B7097E84-2F52-4FD0-8A05-C6B489EDFEEC}"
EndProject
Global
	GlobalSection(SolutionConfigurationPlatforms) = preSolution
		Debug|Any CPU = Debug|Any CPU
		Debug|x64 = Debug|x64
		Debug|x86 = Debug|x86
		Release|Any CPU = Release|Any CPU
		Release|x64 = Release|x64
		Release|x86 = Release|x86
	EndGlobalSection
	GlobalSection(ProjectConfigurationPlatforms) = postSolution
		{9FA8425A-46B6-4BF6-9B24-7528DECCE534}.Debug|Any CPU.ActiveCfg = Debug|Any CPU
		{9FA8425A-46B6-4BF6-9B24-7528DECCE534}.Debug|Any CPU.Build.0 = Debug|Any CPU
		{9FA8425A-46B6-4BF6-9B24-7528DECCE534}.Debug|x64.ActiveCfg = Debug|Any CPU
		{9FA8425A-46B6-4BF6-9B24-7528DECCE534}.Debug|x64.Build.0 = Debug|Any CPU
		{9FA8425A-46B6-4BF6-9B24-7528DECCE534}.Debug|x86.ActiveCfg = Debug|Any CPU
		{9FA8425A-46B6-4BF6-9B24-7528DECCE534}.Debug|x86.Build.0 = Debug|Any CPU
		{9FA8425A-46B6-4BF6-9B24-7528DECCE534}.Release|Any CPU.ActiveCfg = Release|Any CPU
		{9FA8425A-46B6-4BF6-9B24-7528DECCE534}.Release|Any CPU.Build.0 = Release|Any CPU
		{9FA8425A-46B6-4BF6-9B24-7528DECCE534}.Release|x64.ActiveCfg = Release|Any CPU
		{9FA8425A-46B6-4BF6-9B24-7528DECCE534}.Release|x64.Build.0 = Release|Any CPU
		{9FA8425A-46B6-4BF6-9B24-7528DECCE534}.Release|x86.ActiveCfg = Release|Any CPU
		{9FA8425A-46B6-4BF6-9B24-7528DECCE534}.Release|x86.Build.0 = Release|Any CPU
		{33873971-C6A3-46A9-94C1-C58C20C5921C}.Debug|Any CPU.ActiveCfg = Debug|Any CPU
		{33873971-C6A3-46A9-94C1-C58C20C5921C}.Debug|Any CPU.Build.0 = Debug|Any CPU
		{33873971-C6A3-46A9-94C1-C58C20C5921C}.Debug|x64.ActiveCfg = Debug|Any CPU
		{33873971-C6A3-46A9-94C1-C58C20C5921C}.Debug|x64.Build.0 = Debug|Any CPU
		{33873971-C6A3-46A9-94C1-C58C20C5921C}.Debug|x86.ActiveCfg = Debug|Any CPU
		{33873971-C6A3-46A9-94C1-C58C20C5921C}.Debug|x86.Build.0 = Debug|Any CPU
		{33873971-C6A3-46A9-94C1-C58C20C5921C}.Release|Any CPU.ActiveCfg = Release|Any CPU
		{33873971-C6A3-46A9-94C1-C58C20C5921C}.Release|Any CPU.Build.0 = Release|Any CPU
		{33873971-C6A3-46A9-94C1-C58C20C5921C}.Release|x64.ActiveCfg = Release|Any CPU
		{33873971-C6A3-46A9-94C1-C58C20C5921C}.Release|x64.Build.0 = Release|Any CPU
		{33873971-C6A3-46A9-94C1-C58C20C5921C}.Release|x86.ActiveCfg = Release|Any CPU
		{33873971-C6A3-46A9-94C1-C58C20C5921C}.Release|x86.Build.0 = Release|Any CPU
		{D307228C-3EE8-43F2-9300-8314AFE94832}.Debug|Any CPU.ActiveCfg = Debug|Any CPU
		{D307228C-3EE8-43F2-9300-8314AFE94832}.Debug|Any CPU.Build.0 = Debug|Any CPU
		{D307228C-3EE8-43F2-9300-8314AFE94832}.Debug|x64.ActiveCfg = Debug|Any CPU
		{D307228C-3EE8-43F2-9300-8314AFE94832}.Debug|x64.Build.0 = Debug|Any CPU
		{D307228C-3EE8-43F2-9300-8314AFE94832}.Debug|x86.ActiveCfg = Debug|Any CPU
		{D307228C-3EE8-43F2-9300-8314AFE94832}.Debug|x86.Build.0 = Debug|Any CPU
		{D307228C-3EE8-43F2-9300-8314AFE94832}.Release|Any CPU.ActiveCfg = Release|Any CPU
		{D307228C-3EE8-43F2-9300-8314AFE94832}.Release|Any CPU.Build.0 = Release|Any CPU
		{D307228C-3EE8-43F2-9300-8314AFE94832}.Release|x64.ActiveCfg = Release|Any CPU
		{D307228C-3EE8-43F2-9300-8314AFE94832}.Release|x64.Build.0 = Release|Any CPU
		{D307228C-3EE8-43F2-9300-8314AFE94832}.Release|x86.ActiveCfg = Release|Any CPU
		{D307228C-3EE8-43F2-9300-8314AFE94832}.Release|x86.Build.0 = Release|Any CPU
		{D7BBFD3F-61F4-49E5-A8E2-BA9E2579D349}.Debug|Any CPU.ActiveCfg = Debug|Any CPU
		{D7BBFD3F-61F4-49E5-A8E2-BA9E2579D349}.Debug|Any CPU.Build.0 = Debug|Any CPU
		{D7BBFD3F-61F4-49E5-A8E2-BA9E2579D349}.Debug|x64.ActiveCfg = Debug|Any CPU
		{D7BBFD3F-61F4-49E5-A8E2-BA9E2579D349}.Debug|x64.Build.0 = Debug|Any CPU
		{D7BBFD3F-61F4-49E5-A8E2-BA9E2579D349}.Debug|x86.ActiveCfg = Debug|Any CPU
		{D7BBFD3F-61F4-49E5-A8E2-BA9E2579D349}.Debug|x86.Build.0 = Debug|Any CPU
		{D7BBFD3F-61F4-49E5-A8E2-BA9E2579D349}.Release|Any CPU.ActiveCfg = Release|Any CPU
		{D7BBFD3F-61F4-49E5-A8E2-BA9E2579D349}.Release|Any CPU.Build.0 = Release|Any CPU
		{D7BBFD3F-61F4-49E5-A8E2-BA9E2579D349}.Release|x64.ActiveCfg = Release|Any CPU
		{D7BBFD3F-61F4-49E5-A8E2-BA9E2579D349}.Release|x64.Build.0 = Release|Any CPU
		{D7BBFD3F-61F4-49E5-A8E2-BA9E2579D349}.Release|x86.ActiveCfg = Release|Any CPU
		{D7BBFD3F-61F4-49E5-A8E2-BA9E2579D349}.Release|x86.Build.0 = Release|Any CPU
		{B7097E84-2F52-4FD0-8A05-C6B489EDFEEC}.Debug|Any CPU.ActiveCfg = Debug|Any CPU
		{B7097E84-2F52-4FD0-8A05-C6B489EDFEEC}.Debug|Any CPU.Build.0 = Debug|Any CPU
		{B7097E84-2F52-4FD0-8A05-C6B489EDFEEC}.Debug|x64.ActiveCfg = Debug|Any CPU
		{B7097E84-2F52-4FD0-8A05-C6B489EDFEEC}.Debug|x64.Build.0 = Debug|Any CPU
		{B7097E84-2F52-4FD0-8A05-C6B489EDFEEC}.Debug|x86.ActiveCfg = Debug|Any CPU
		{B7097E84-2F52-4FD0-8A05-C6B489EDFEEC}.Debug|x86.Build.0 = Debug|Any CPU
		{B7097E84-2F52-4FD0-8A05-C6B489EDFEEC}.Release|Any CPU.ActiveCfg = Release|Any CPU
		{B7097E84-2F52-4FD0-8A05-C6B489EDFEEC}.Release|Any CPU.Build.0 = Release|Any CPU
		{B7097E84-2F52-4FD0-8A05-C6B489EDFEEC}.Release|x64.ActiveCfg = Release|Any CPU
		{B7097E84-2F52-4FD0-8A05-C6B489EDFEEC}.Release|x64.Build.0 = Release|Any CPU
		{B7097E84-2F52-4FD0-8A05-C6B489EDFEEC}.Release|x86.ActiveCfg = Release|Any CPU
		{B7097E84-2F52-4FD0-8A05-C6B489EDFEEC}.Release|x86.Build.0 = Release|Any CPU
	EndGlobalSection
	GlobalSection(SolutionProperties) = preSolution
		HideSolutionNode = FALSE
	EndGlobalSection
	GlobalSection(ExtensibilityGlobals) = postSolution
		SolutionGuid = {58F99553-DC14-4044-80AF-A11A1ED406B5}
	EndGlobalSection
EndGlobal
